{
  "name": "wssyncfusiontest",
  "version": "1.0.0",
  "lockfileVersion": 2,
  "requires": true,
  "packages": {
    "": {
      "name": "wssyncfusiontest",
      "version": "1.0.0",
      "license": "ISC",
      "dependencies": {
        "@syncfusion/ej2-angular-charts": "*",
        "@syncfusion/ej2-angular-grids": "*"
      }
    },
    "node_modules/@angular/common": {
      "version": "11.1.1",
      "resolved": "https://registry.npmjs.org/@angular/common/-/common-11.1.1.tgz",
      "integrity": "sha512-YHAmbjmwqIv43CdzRJkXJiT7p6Xm6DpsGKLuCGPoomUk7Nf5U5LsSZm/uvyTu0O+OQp2RUFUdGqW5DzSZZnKtQ==",
      "peer": true,
      "dependencies": {
        "tslib": "^2.0.0"
      },
      "peerDependencies": {
        "@angular/core": "11.1.1",
        "rxjs": "^6.5.3"
      }
    },
    "node_modules/@angular/compiler": {
      "version": "11.1.1",
      "resolved": "https://registry.npmjs.org/@angular/compiler/-/compiler-11.1.1.tgz",
      "integrity": "sha512-kybGddMBL6E2BFBOHIX39VsKVxH3yD7NA1g2mQUE9KIqLAavH0KLBr8B03R9MKb6+BElGpk/5yCyCkzkwQES7w==",
      "peer": true,
      "dependencies": {
        "tslib": "^2.0.0"
      }
    },
    "node_modules/@angular/core": {
      "version": "11.1.1",
      "resolved": "https://registry.npmjs.org/@angular/core/-/core-11.1.1.tgz",
      "integrity": "sha512-yBBLekXeDviZ+KW3DmGeOK0CK/yQ9gCy2uHY47KUDI4UTRRLz0NI5nS9NdKwk5bpCPId6ZPNsJtHPBFXRhAnNA==",
      "peer": true,
      "dependencies": {
        "tslib": "^2.0.0"
      },
      "peerDependencies": {
        "rxjs": "^6.5.3",
        "zone.js": "^0.10.2 || ^0.11.3"
      }
    },
    "node_modules/@angular/forms": {
      "version": "11.1.1",
      "resolved": "https://registry.npmjs.org/@angular/forms/-/forms-11.1.1.tgz",
      "integrity": "sha512-MVysENcKonjMowdd2SxXQGcvNVpMTWVhwr5IZ2FBZKW/FNnSBq0R3nsr25zU0h8QWQHkROPtFF0+AEaENh/yAg==",
      "peer": true,
      "dependencies": {
        "tslib": "^2.0.0"
      },
      "peerDependencies": {
        "@angular/common": "11.1.1",
        "@angular/core": "11.1.1",
        "@angular/platform-browser": "11.1.1",
        "rxjs": "^6.5.3"
      }
    },
    "node_modules/@angular/platform-browser": {
      "version": "11.1.1",
      "resolved": "https://registry.npmjs.org/@angular/platform-browser/-/platform-browser-11.1.1.tgz",
      "integrity": "sha512-z3OmXK9viTxNp2KpGdCiFkFCI69WVYyuMQerCwjuD2oymRpltc64uujIq3+j32UJ+sTGrjMSmgMo7ReAYMp7sg==",
      "peer": true,
      "dependencies": {
        "tslib": "^2.0.0"
      },
      "peerDependencies": {
        "@angular/animations": "11.1.1",
        "@angular/common": "11.1.1",
        "@angular/core": "11.1.1"
      },
      "peerDependenciesMeta": {
        "@angular/animations": {
          "optional": true
        }
      }
    },
    "node_modules/@angular/platform-browser-dynamic": {
      "version": "11.1.1",
      "resolved": "https://registry.npmjs.org/@angular/platform-browser-dynamic/-/platform-browser-dynamic-11.1.1.tgz",
      "integrity": "sha512-fI44VfQvwzNeZdSMGZEYqYZ6Q4Y1fSbyqh2hzbhVW4/Tq6s4qKdKn3TfAD6iK6te5ewZwbccfr4Y0zMbcwTSRA==",
      "peer": true,
      "dependencies": {
        "tslib": "^2.0.0"
      },
      "peerDependencies": {
        "@angular/common": "11.1.1",
        "@angular/compiler": "11.1.1",
        "@angular/core": "11.1.1",
        "@angular/platform-browser": "11.1.1"
      }
    },
    "node_modules/@syncfusion/ej2-angular-base": {
      "version": "19.1.58",
      "resolved": "https://registry.npmjs.org/@syncfusion/ej2-angular-base/-/ej2-angular-base-19.1.58.tgz",
      "integrity": "sha512-ZEXmctQZtym714Bk4rp9RIUj9IMGmhOeIVu6Zk+5ncTdupY5e+Gl407kA+s9bRZ78IIJ01L0uupi2FNiX/10Aw==",
      "dependencies": {
        "@syncfusion/ej2-base": "~19.1.57",
        "@syncfusion/ej2-icons": "~19.1.54",
        "core-js": "^3.4.8",
        "reflect-metadata": "^0.1.9",
        "rxjs": "^6.5.4",
        "rxjs-compat": "^6.5.4",
        "zone.js": "^0.10.2"
      },
      "peerDependencies": {
        "@angular/common": "4.10.0 - 11.1.1",
        "@angular/compiler": "4.10.0 - 11.1.1",
        "@angular/core": "4.10.0 - 11.1.1",
        "@angular/forms": "4.10.0 - 11.1.1",
        "@angular/platform-browser": "4.10.0 - 11.1.1",
        "@angular/platform-browser-dynamic": "4.10.0 - 11.1.1"
      }
    },
    "node_modules/@syncfusion/ej2-angular-base/node_modules/zone.js": {
      "version": "0.10.3",
      "resolved": "https://registry.npmjs.org/zone.js/-/zone.js-0.10.3.tgz",
      "integrity": "sha512-LXVLVEq0NNOqK/fLJo3d0kfzd4sxwn2/h67/02pjCjfKDxgx1i9QqpvtHD8CrBnSSwMw5+dy11O7FRX5mkO7Cg=="
    },
    "node_modules/@syncfusion/ej2-angular-charts": {
      "version": "19.1.58",
      "resolved": "https://registry.npmjs.org/@syncfusion/ej2-angular-charts/-/ej2-angular-charts-19.1.58.tgz",
      "integrity": "sha512-jhz6wkIlT3dPa6dNG8nl23NzyyYo+kUYyO6YqESp7Vl4YSP73bdAJIGCUEFswAjiQcd60jd1pkRe+B0Itu4ixg==",
      "dependencies": {
        "@syncfusion/ej2-angular-base": "~19.1.58",
        "@syncfusion/ej2-base": "~19.1.57",
        "@syncfusion/ej2-charts": "19.1.58",
        "@types/lodash": "4.14.159",
        "@types/node": "11.15.20"
      }
    },
    "node_modules/@syncfusion/ej2-angular-grids": {
      "version": "19.1.58",
      "resolved": "https://registry.npmjs.org/@syncfusion/ej2-angular-grids/-/ej2-angular-grids-19.1.58.tgz",
      "integrity": "sha512-3FjYQYC9ZHorbfWhbB+Ayjzp9m5i4NgfepHvGlUbrmRk1A1Efk1YpkuBV2vkZS4IeSte3b//81ckun1aertiUA==",
      "dependencies": {
        "@syncfusion/ej2-angular-base": "~19.1.58",
        "@syncfusion/ej2-base": "~19.1.57",
        "@syncfusion/ej2-grids": "19.1.58"
      }
    },
    "node_modules/@syncfusion/ej2-base": {
      "version": "19.1.57",
      "resolved": "https://registry.npmjs.org/@syncfusion/ej2-base/-/ej2-base-19.1.57.tgz",
      "integrity": "sha512-CPeCtdeP+TiBQkh95iGhlldeT4ZdBy4PLk0wkK1MajKy+X08EsmhXsQrk2g4mEbypRhI4Oh5mzvil7Y8UpDHmQ==",
      "dependencies": {
        "@syncfusion/ej2-icons": "~19.1.54"
      }
    },
    "node_modules/@syncfusion/ej2-buttons": {
      "version": "19.1.54",
      "resolved": "https://registry.npmjs.org/@syncfusion/ej2-buttons/-/ej2-buttons-19.1.54.tgz",
      "integrity": "sha512-jMweKcNkjKSZGrwh03SG/JQ8c7vVpUygPxfjMAv/pJcWj4GvvNXMzd0TQuwFSCjLFlole39/l3LpUWnCoZstrA==",
      "dependencies": {
        "@syncfusion/ej2-base": "~19.1.54"
      }
    },
    "node_modules/@syncfusion/ej2-calendars": {
      "version": "19.1.56",
      "resolved": "https://registry.npmjs.org/@syncfusion/ej2-calendars/-/ej2-calendars-19.1.56.tgz",
      "integrity": "sha512-2JpYnU7cl1oscW57toJieI0IDY1yI4hfCBITSMup0UN9aJJrO/P07BLV7k05k0Lswyj64vFAQ4XVyDb97gcfLQ==",
      "dependencies": {
        "@syncfusion/ej2-base": "~19.1.56",
        "@syncfusion/ej2-buttons": "~19.1.54",
        "@syncfusion/ej2-inputs": "~19.1.54",
        "@syncfusion/ej2-lists": "~19.1.56",
        "@syncfusion/ej2-popups": "~19.1.56"
      }
    },
    "node_modules/@syncfusion/ej2-charts": {
      "version": "19.1.58",
      "resolved": "https://registry.npmjs.org/@syncfusion/ej2-charts/-/ej2-charts-19.1.58.tgz",
      "integrity": "sha512-t0xvXrvZUsC62d2znUBoqRmntJKun5qhd69XEZu98mAUNDvtX13OvI5uk0CaDjZcZumC1G1rE0ft8vXIPH7y+g==",
      "dependencies": {
        "@syncfusion/ej2-base": "~19.1.57",
        "@syncfusion/ej2-calendars": "~19.1.56",
        "@syncfusion/ej2-compression": "~19.1.54",
        "@syncfusion/ej2-data": "~19.1.58",
        "@syncfusion/ej2-file-utils": "~19.1.54",
        "@syncfusion/ej2-navigations": "~19.1.58",
        "@syncfusion/ej2-pdf-export": "~19.1.56",
        "@syncfusion/ej2-svg-base": "~19.1.57"
      }
    },
    "node_modules/@syncfusion/ej2-compression": {
      "version": "19.1.54",
      "resolved": "https://registry.npmjs.org/@syncfusion/ej2-compression/-/ej2-compression-19.1.54.tgz",
      "integrity": "sha512-zomYG68iBI+kuRTaNDOULNg2+XnT4N7mBYBAvcwOm4rA+yMpws8ftcaY+7jMalOnDgWJjjKl+Lrj2vU4AU93Nw==",
      "dependencies": {
        "@syncfusion/ej2-file-utils": "~19.1.54"
      }
    },
    "node_modules/@syncfusion/ej2-data": {
      "version": "19.1.58",
      "resolved": "https://registry.npmjs.org/@syncfusion/ej2-data/-/ej2-data-19.1.58.tgz",
      "integrity": "sha512-5HL+a6baaALsuDV3lBonpXFEX+f3rlm0ksRwVssnWCtN6wAVWVCUx/3leVawEqFPd8V2Q6/VtzysT4H/KuQorg==",
      "dependencies": {
        "@syncfusion/ej2-base": "~19.1.57"
      }
    },
    "node_modules/@syncfusion/ej2-dropdowns": {
      "version": "19.1.58",
      "resolved": "https://registry.npmjs.org/@syncfusion/ej2-dropdowns/-/ej2-dropdowns-19.1.58.tgz",
      "integrity": "sha512-vRlOis1m3marizoJmam19a5C+0P409rqrwV+7Ri2UKLWEPwBr5tA4R9/i4oor/K/4xF7LY4qnNJzvjpZA+uH5w==",
      "dependencies": {
        "@syncfusion/ej2-base": "~19.1.57",
        "@syncfusion/ej2-data": "~19.1.58",
        "@syncfusion/ej2-inputs": "~19.1.57",
        "@syncfusion/ej2-lists": "~19.1.56",
        "@syncfusion/ej2-navigations": "~19.1.58",
        "@syncfusion/ej2-popups": "~19.1.57"
      }
    },
    "node_modules/@syncfusion/ej2-excel-export": {
      "version": "19.1.54",
      "resolved": "https://registry.npmjs.org/@syncfusion/ej2-excel-export/-/ej2-excel-export-19.1.54.tgz",
      "integrity": "sha512-XJsFwKzBRg+K8yR36y6ZsPJcWOUJrUtUw2J+vdoBlJ4UQ7+19QR6SPd5QT0ZU2h9/kv3y+Np6Tx3p2zD0jVc8A==",
      "dependencies": {
        "@syncfusion/ej2-base": "~19.1.54",
        "@syncfusion/ej2-compression": "~19.1.54"
      }
    },
    "node_modules/@syncfusion/ej2-file-utils": {
      "version": "19.1.54",
      "resolved": "https://registry.npmjs.org/@syncfusion/ej2-file-utils/-/ej2-file-utils-19.1.54.tgz",
      "integrity": "sha512-+GPv2LLpsCJkyA7C/nXlJYRvKGAQBvXuV11Sm9mnRSikzUBc7KVpX+xqYkE2dlX7uhiup9Ql5j7+nbkx1aDz4A=="
    },
    "node_modules/@syncfusion/ej2-grids": {
      "version": "19.1.58",
      "resolved": "https://registry.npmjs.org/@syncfusion/ej2-grids/-/ej2-grids-19.1.58.tgz",
      "integrity": "sha512-o5sSbUDrVQ+uthnwy72LFF/BaKiFU/7N/m5TH/BZufYmup5lAVnyZ7DIT37FY1Lj7tD3z5y8dO4Y8gYQPx35sg==",
      "dependencies": {
        "@syncfusion/ej2-base": "~19.1.57",
        "@syncfusion/ej2-buttons": "~19.1.54",
        "@syncfusion/ej2-calendars": "~19.1.56",
        "@syncfusion/ej2-compression": "~19.1.54",
        "@syncfusion/ej2-data": "~19.1.58",
        "@syncfusion/ej2-dropdowns": "~19.1.58",
        "@syncfusion/ej2-excel-export": "~19.1.54",
        "@syncfusion/ej2-file-utils": "~19.1.54",
        "@syncfusion/ej2-inputs": "~19.1.57",
        "@syncfusion/ej2-lists": "~19.1.56",
        "@syncfusion/ej2-navigations": "~19.1.58",
        "@syncfusion/ej2-pdf-export": "~19.1.56",
        "@syncfusion/ej2-popups": "~19.1.57",
        "@syncfusion/ej2-splitbuttons": "~19.1.54"
      }
    },
    "node_modules/@syncfusion/ej2-icons": {
      "version": "19.1.54",
      "resolved": "https://registry.npmjs.org/@syncfusion/ej2-icons/-/ej2-icons-19.1.54.tgz",
      "integrity": "sha512-QFIU7AOrIvgEjcOxj46fU9P3gQqjt7jKZpVc/GoDTvSDroUsLtbOiEZqphC9TQ7ZzLS9bfA/xNYNEGiln/NlTA=="
    },
    "node_modules/@syncfusion/ej2-inputs": {
      "version": "19.1.57",
      "resolved": "https://registry.npmjs.org/@syncfusion/ej2-inputs/-/ej2-inputs-19.1.57.tgz",
      "integrity": "sha512-X3bYjmO/JmexhHVG9++s5oa0rTHNDFPe9t9TsELC0/0o/5Mnu255kR6dV4zmZa/Ad0CvLPzd7cvD34anJo6Zdg==",
      "dependencies": {
        "@syncfusion/ej2-base": "~19.1.57",
        "@syncfusion/ej2-buttons": "~19.1.54",
        "@syncfusion/ej2-popups": "~19.1.57",
        "@syncfusion/ej2-splitbuttons": "~19.1.54"
      }
    },
    "node_modules/@syncfusion/ej2-lists": {
      "version": "19.1.56",
      "resolved": "https://registry.npmjs.org/@syncfusion/ej2-lists/-/ej2-lists-19.1.56.tgz",
      "integrity": "sha512-qnkXlbuwsz6s9jgDXzzXn6+pwC1QvLk+DNMIa/mvULxJ5wfIzJX3+TNaI3OHt/QCw9s9MGxwVAs+p7fsG+hJVQ==",
      "dependencies": {
        "@syncfusion/ej2-base": "~19.1.56",
        "@syncfusion/ej2-buttons": "~19.1.54",
        "@syncfusion/ej2-data": "~19.1.56"
      }
    },
    "node_modules/@syncfusion/ej2-navigations": {
      "version": "19.1.58",
      "resolved": "https://registry.npmjs.org/@syncfusion/ej2-navigations/-/ej2-navigations-19.1.58.tgz",
      "integrity": "sha512-hlVCdxCzrpEZyEQ7N4pHY9+mGoQd1AjVbcSOv+/Ra1boyQsPQnxm/R+DZ7swYeu0BRXpeaxN9ie2Ji1wFDNhbQ==",
      "dependencies": {
        "@syncfusion/ej2-base": "~19.1.57",
        "@syncfusion/ej2-buttons": "~19.1.54",
        "@syncfusion/ej2-data": "~19.1.58",
        "@syncfusion/ej2-inputs": "~19.1.57",
        "@syncfusion/ej2-lists": "~19.1.56",
        "@syncfusion/ej2-popups": "~19.1.57"
      }
    },
    "node_modules/@syncfusion/ej2-pdf-export": {
      "version": "19.1.56",
      "resolved": "https://registry.npmjs.org/@syncfusion/ej2-pdf-export/-/ej2-pdf-export-19.1.56.tgz",
      "integrity": "sha512-eI0ax5DCzs1sfTyTqEwmc1OXTIcDYMiYaFqEXmHS+zxyAWnSoKv0HvqyH/OVcE4rMyAnY6ja5jeB0Z15J2m+mg==",
      "dependencies": {
        "@syncfusion/ej2-compression": "~19.1.54"
      }
    },
    "node_modules/@syncfusion/ej2-popups": {
      "version": "19.1.57",
      "resolved": "https://registry.npmjs.org/@syncfusion/ej2-popups/-/ej2-popups-19.1.57.tgz",
      "integrity": "sha512-gHnkKAMCauUkWESFWzTaq++FLPMOz+m7d90IIJt4+X6Yj1fH9LCmn1qfabhqlfNNs3R4jwjJA0VOEc0nmn504w==",
      "dependencies": {
        "@syncfusion/ej2-base": "~19.1.57",
        "@syncfusion/ej2-buttons": "~19.1.54"
      }
    },
    "node_modules/@syncfusion/ej2-splitbuttons": {
      "version": "19.1.54",
      "resolved": "https://registry.npmjs.org/@syncfusion/ej2-splitbuttons/-/ej2-splitbuttons-19.1.54.tgz",
      "integrity": "sha512-cwT/HbzLrWHMlc4cBP5B1peZMNjF1uS0ULzl+TfripwoxjyigbAzlstyk/O6aqeOhuVEh48tScJD1RKngKha3A==",
      "dependencies": {
        "@syncfusion/ej2-base": "~19.1.54",
        "@syncfusion/ej2-popups": "~19.1.54"
      }
    },
    "node_modules/@syncfusion/ej2-svg-base": {
      "version": "19.1.57",
      "resolved": "https://registry.npmjs.org/@syncfusion/ej2-svg-base/-/ej2-svg-base-19.1.57.tgz",
      "integrity": "sha512-EOqkyDTMkiOOuga8aMcxRvXbwzj/XbIOviDwX7LIJsAmU+d+YQ6ZwXIQyQbTcLIj0pF3hBMYE9FzgQ3co9jPdw==",
      "dependencies": {
        "@syncfusion/ej2-base": "~19.1.57"
      }
    },
    "node_modules/@types/lodash": {
      "version": "4.14.159",
      "resolved": "https://registry.npmjs.org/@types/lodash/-/lodash-4.14.159.tgz",
      "integrity": "sha512-gF7A72f7WQN33DpqOWw9geApQPh4M3PxluMtaHxWHXEGSN12/WbcEk/eNSqWNQcQhF66VSZ06vCF94CrHwXJDg=="
    },
    "node_modules/@types/node": {
      "version": "11.15.20",
      "resolved": "https://registry.npmjs.org/@types/node/-/node-11.15.20.tgz",
      "integrity": "sha512-DY2QwdrBqNlsxdMehwzUtSsWHgYYPLVCAuXvOcu3wkzYmchbRunQ7OEZFOrmFoBLfA1ysz2Ypr6vtNP9WQkUaQ=="
    },
    "node_modules/core-js": {
      "version": "3.11.1",
      "resolved": "https://registry.npmjs.org/core-js/-/core-js-3.11.1.tgz",
      "integrity": "sha512-k93Isqg7e4txZWMGNYwevZL9MiogLk8pd1PtwrmFmi8IBq4GXqUaVW/a33Llt6amSI36uSjd0GWwc9pTT9ALlQ==",
      "hasInstallScript": true,
      "funding": {
        "type": "opencollective",
        "url": "https://opencollective.com/core-js"
      }
    },
    "node_modules/reflect-metadata": {
      "version": "0.1.13",
      "resolved": "https://registry.npmjs.org/reflect-metadata/-/reflect-metadata-0.1.13.tgz",
      "integrity": "sha512-Ts1Y/anZELhSsjMcU605fU9RE4Oi3p5ORujwbIKXfWa+0Zxs510Qrmrce5/Jowq3cHSZSJqBjypxmHarc+vEWg=="
    },
    "node_modules/rxjs": {
      "version": "6.6.7",
      "resolved": "https://registry.npmjs.org/rxjs/-/rxjs-6.6.7.tgz",
      "integrity": "sha512-hTdwr+7yYNIT5n4AMYp85KA6yw2Va0FLa3Rguvbpa4W3I5xynaBZo41cM3XM+4Q6fRMj3sBYIR1VAmZMXYJvRQ==",
      "dependencies": {
        "tslib": "^1.9.0"
      },
      "engines": {
        "npm": ">=2.0.0"
      }
    },
    "node_modules/rxjs-compat": {
      "version": "6.6.7",
      "resolved": "https://registry.npmjs.org/rxjs-compat/-/rxjs-compat-6.6.7.tgz",
      "integrity": "sha512-szN4fK+TqBPOFBcBcsR0g2cmTTUF/vaFEOZNuSdfU8/pGFnNmmn2u8SystYXG1QMrjOPBc6XTKHMVfENDf6hHw=="
    },
    "node_modules/rxjs/node_modules/tslib": {
      "version": "1.14.1",
      "resolved": "https://registry.npmjs.org/tslib/-/tslib-1.14.1.tgz",
      "integrity": "sha512-Xni35NKzjgMrwevysHTCArtLDpPvye8zV/0E4EyYn43P7/7qvQwPh9BGkHewbMulVntbigmcT7rdX3BNo9wRJg=="
    },
    "node_modules/tslib": {
      "version": "2.2.0",
      "resolved": "https://registry.npmjs.org/tslib/-/tslib-2.2.0.tgz",
      "integrity": "sha512-gS9GVHRU+RGn5KQM2rllAlR3dU6m7AcpJKdtH8gFvQiC4Otgk98XnmMU+nZenHt/+VhnBPWwgrJsyrdcw6i23w==",
      "peer": true
    },
    "node_modules/zone.js": {
      "version": "0.11.4",
      "resolved": "https://registry.npmjs.org/zone.js/-/zone.js-0.11.4.tgz",
      "integrity": "sha512-DDh2Ab+A/B+9mJyajPjHFPWfYU1H+pdun4wnnk0OcQTNjem1XQSZ2CDW+rfZEUDjv5M19SBqAkjZi0x5wuB5Qw==",
      "peer": true,
      "dependencies": {
        "tslib": "^2.0.0"
      }
    }
  },
  "dependencies": {
    "@angular/common": {
      "version": "11.1.1",
      "resolved": "https://registry.npmjs.org/@angular/common/-/common-11.1.1.tgz",
      "integrity": "sha512-YHAmbjmwqIv43CdzRJkXJiT7p6Xm6DpsGKLuCGPoomUk7Nf5U5LsSZm/uvyTu0O+OQp2RUFUdGqW5DzSZZnKtQ==",
      "peer": true,
      "requires": {
        "tslib": "^2.0.0"
      }
    },
    "@angular/compiler": {
      "version": "11.1.1",
      "resolved": "https://registry.npmjs.org/@angular/compiler/-/compiler-11.1.1.tgz",
      "integrity": "sha512-kybGddMBL6E2BFBOHIX39VsKVxH3yD7NA1g2mQUE9KIqLAavH0KLBr8B03R9MKb6+BElGpk/5yCyCkzkwQES7w==",
      "peer": true,
      "requires": {
        "tslib": "^2.0.0"
      }
    },
    "@angular/core": {
      "version": "11.1.1",
      "resolved": "https://registry.npmjs.org/@angular/core/-/core-11.1.1.tgz",
      "integrity": "sha512-yBBLekXeDviZ+KW3DmGeOK0CK/yQ9gCy2uHY47KUDI4UTRRLz0NI5nS9NdKwk5bpCPId6ZPNsJtHPBFXRhAnNA==",
      "peer": true,
      "requires": {
        "tslib": "^2.0.0"
      }
    },
    "@angular/forms": {
      "version": "11.1.1",
      "resolved": "https://registry.npmjs.org/@angular/forms/-/forms-11.1.1.tgz",
      "integrity": "sha512-MVysENcKonjMowdd2SxXQGcvNVpMTWVhwr5IZ2FBZKW/FNnSBq0R3nsr25zU0h8QWQHkROPtFF0+AEaENh/yAg==",
      "peer": true,
      "requires": {
        "tslib": "^2.0.0"
      }
    },
    "@angular/platform-browser": {
      "version": "11.1.1",
      "resolved": "https://registry.npmjs.org/@angular/platform-browser/-/platform-browser-11.1.1.tgz",
      "integrity": "sha512-z3OmXK9viTxNp2KpGdCiFkFCI69WVYyuMQerCwjuD2oymRpltc64uujIq3+j32UJ+sTGrjMSmgMo7ReAYMp7sg==",
      "peer": true,
      "requires": {
        "tslib": "^2.0.0"
      }
    },
    "@angular/platform-browser-dynamic": {
      "version": "11.1.1",
      "resolved": "https://registry.npmjs.org/@angular/platform-browser-dynamic/-/platform-browser-dynamic-11.1.1.tgz",
      "integrity": "sha512-fI44VfQvwzNeZdSMGZEYqYZ6Q4Y1fSbyqh2hzbhVW4/Tq6s4qKdKn3TfAD6iK6te5ewZwbccfr4Y0zMbcwTSRA==",
      "peer": true,
      "requires": {
        "tslib": "^2.0.0"
      }
    },
    "@syncfusion/ej2-angular-base": {
      "version": "19.1.58",
      "resolved": "https://registry.npmjs.org/@syncfusion/ej2-angular-base/-/ej2-angular-base-19.1.58.tgz",
      "integrity": "sha512-ZEXmctQZtym714Bk4rp9RIUj9IMGmhOeIVu6Zk+5ncTdupY5e+Gl407kA+s9bRZ78IIJ01L0uupi2FNiX/10Aw==",
      "requires": {
        "@syncfusion/ej2-base": "~19.1.57",
        "@syncfusion/ej2-icons": "~19.1.54",
        "core-js": "^3.4.8",
        "reflect-metadata": "^0.1.9",
        "rxjs": "^6.5.4",
        "rxjs-compat": "^6.5.4",
        "zone.js": "^0.10.2"
      },
      "dependencies": {
        "zone.js": {
          "version": "0.10.3",
          "resolved": "https://registry.npmjs.org/zone.js/-/zone.js-0.10.3.tgz",
          "integrity": "sha512-LXVLVEq0NNOqK/fLJo3d0kfzd4sxwn2/h67/02pjCjfKDxgx1i9QqpvtHD8CrBnSSwMw5+dy11O7FRX5mkO7Cg=="
        }
      }
    },
    "@syncfusion/ej2-angular-charts": {
      "version": "19.1.58",
      "resolved": "https://registry.npmjs.org/@syncfusion/ej2-angular-charts/-/ej2-angular-charts-19.1.58.tgz",
      "integrity": "sha512-jhz6wkIlT3dPa6dNG8nl23NzyyYo+kUYyO6YqESp7Vl4YSP73bdAJIGCUEFswAjiQcd60jd1pkRe+B0Itu4ixg==",
      "requires": {
        "@syncfusion/ej2-angular-base": "~19.1.58",
        "@syncfusion/ej2-base": "~19.1.57",
        "@syncfusion/ej2-charts": "19.1.58",
        "@types/lodash": "4.14.159",
        "@types/node": "11.15.20"
      }
    },
    "@syncfusion/ej2-angular-grids": {
      "version": "19.1.58",
      "resolved": "https://registry.npmjs.org/@syncfusion/ej2-angular-grids/-/ej2-angular-grids-19.1.58.tgz",
      "integrity": "sha512-3FjYQYC9ZHorbfWhbB+Ayjzp9m5i4NgfepHvGlUbrmRk1A1Efk1YpkuBV2vkZS4IeSte3b//81ckun1aertiUA==",
      "requires": {
        "@syncfusion/ej2-angular-base": "~19.1.58",
        "@syncfusion/ej2-base": "~19.1.57",
        "@syncfusion/ej2-grids": "19.1.58"
      }
    },
    "@syncfusion/ej2-base": {
      "version": "19.1.57",
      "resolved": "https://registry.npmjs.org/@syncfusion/ej2-base/-/ej2-base-19.1.57.tgz",
      "integrity": "sha512-CPeCtdeP+TiBQkh95iGhlldeT4ZdBy4PLk0wkK1MajKy+X08EsmhXsQrk2g4mEbypRhI4Oh5mzvil7Y8UpDHmQ==",
      "requires": {
        "@syncfusion/ej2-icons": "~19.1.54"
      }
    },
    "@syncfusion/ej2-buttons": {
      "version": "19.1.54",
      "resolved": "https://registry.npmjs.org/@syncfusion/ej2-buttons/-/ej2-buttons-19.1.54.tgz",
      "integrity": "sha512-jMweKcNkjKSZGrwh03SG/JQ8c7vVpUygPxfjMAv/pJcWj4GvvNXMzd0TQuwFSCjLFlole39/l3LpUWnCoZstrA==",
      "requires": {
        "@syncfusion/ej2-base": "~19.1.54"
      }
    },
    "@syncfusion/ej2-calendars": {
      "version": "19.1.56",
      "resolved": "https://registry.npmjs.org/@syncfusion/ej2-calendars/-/ej2-calendars-19.1.56.tgz",
      "integrity": "sha512-2JpYnU7cl1oscW57toJieI0IDY1yI4hfCBITSMup0UN9aJJrO/P07BLV7k05k0Lswyj64vFAQ4XVyDb97gcfLQ==",
      "requires": {
        "@syncfusion/ej2-base": "~19.1.56",
        "@syncfusion/ej2-buttons": "~19.1.54",
        "@syncfusion/ej2-inputs": "~19.1.54",
        "@syncfusion/ej2-lists": "~19.1.56",
        "@syncfusion/ej2-popups": "~19.1.56"
      }
    },
    "@syncfusion/ej2-charts": {
      "version": "19.1.58",
      "resolved": "https://registry.npmjs.org/@syncfusion/ej2-charts/-/ej2-charts-19.1.58.tgz",
      "integrity": "sha512-t0xvXrvZUsC62d2znUBoqRmntJKun5qhd69XEZu98mAUNDvtX13OvI5uk0CaDjZcZumC1G1rE0ft8vXIPH7y+g==",
      "requires": {
        "@syncfusion/ej2-base": "~19.1.57",
        "@syncfusion/ej2-calendars": "~19.1.56",
        "@syncfusion/ej2-compression": "~19.1.54",
        "@syncfusion/ej2-data": "~19.1.58",
        "@syncfusion/ej2-file-utils": "~19.1.54",
        "@syncfusion/ej2-navigations": "~19.1.58",
        "@syncfusion/ej2-pdf-export": "~19.1.56",
        "@syncfusion/ej2-svg-base": "~19.1.57"
      }
    },
    "@syncfusion/ej2-compression": {
      "version": "19.1.54",
      "resolved": "https://registry.npmjs.org/@syncfusion/ej2-compression/-/ej2-compression-19.1.54.tgz",
      "integrity": "sha512-zomYG68iBI+kuRTaNDOULNg2+XnT4N7mBYBAvcwOm4rA+yMpws8ftcaY+7jMalOnDgWJjjKl+Lrj2vU4AU93Nw==",
      "requires": {
        "@syncfusion/ej2-file-utils": "~19.1.54"
      }
    },
    "@syncfusion/ej2-data": {
      "version": "19.1.58",
      "resolved": "https://registry.npmjs.org/@syncfusion/ej2-data/-/ej2-data-19.1.58.tgz",
      "integrity": "sha512-5HL+a6baaALsuDV3lBonpXFEX+f3rlm0ksRwVssnWCtN6wAVWVCUx/3leVawEqFPd8V2Q6/VtzysT4H/KuQorg==",
      "requires": {
        "@syncfusion/ej2-base": "~19.1.57"
      }
    },
    "@syncfusion/ej2-dropdowns": {
      "version": "19.1.58",
      "resolved": "https://registry.npmjs.org/@syncfusion/ej2-dropdowns/-/ej2-dropdowns-19.1.58.tgz",
      "integrity": "sha512-vRlOis1m3marizoJmam19a5C+0P409rqrwV+7Ri2UKLWEPwBr5tA4R9/i4oor/K/4xF7LY4qnNJzvjpZA+uH5w==",
      "requires": {
        "@syncfusion/ej2-base": "~19.1.57",
        "@syncfusion/ej2-data": "~19.1.58",
        "@syncfusion/ej2-inputs": "~19.1.57",
        "@syncfusion/ej2-lists": "~19.1.56",
        "@syncfusion/ej2-navigations": "~19.1.58",
        "@syncfusion/ej2-popups": "~19.1.57"
      }
    },
    "@syncfusion/ej2-excel-export": {
      "version": "19.1.54",
      "resolved": "https://registry.npmjs.org/@syncfusion/ej2-excel-export/-/ej2-excel-export-19.1.54.tgz",
      "integrity": "sha512-XJsFwKzBRg+K8yR36y6ZsPJcWOUJrUtUw2J+vdoBlJ4UQ7+19QR6SPd5QT0ZU2h9/kv3y+Np6Tx3p2zD0jVc8A==",
      "requires": {
        "@syncfusion/ej2-base": "~19.1.54",
        "@syncfusion/ej2-compression": "~19.1.54"
      }
    },
    "@syncfusion/ej2-file-utils": {
      "version": "19.1.54",
      "resolved": "https://registry.npmjs.org/@syncfusion/ej2-file-utils/-/ej2-file-utils-19.1.54.tgz",
      "integrity": "sha512-+GPv2LLpsCJkyA7C/nXlJYRvKGAQBvXuV11Sm9mnRSikzUBc7KVpX+xqYkE2dlX7uhiup9Ql5j7+nbkx1aDz4A=="
    },
    "@syncfusion/ej2-grids": {
      "version": "19.1.58",
      "resolved": "https://registry.npmjs.org/@syncfusion/ej2-grids/-/ej2-grids-19.1.58.tgz",
      "integrity": "sha512-o5sSbUDrVQ+uthnwy72LFF/BaKiFU/7N/m5TH/BZufYmup5lAVnyZ7DIT37FY1Lj7tD3z5y8dO4Y8gYQPx35sg==",
      "requires": {
        "@syncfusion/ej2-base": "~19.1.57",
        "@syncfusion/ej2-buttons": "~19.1.54",
        "@syncfusion/ej2-calendars": "~19.1.56",
        "@syncfusion/ej2-compression": "~19.1.54",
        "@syncfusion/ej2-data": "~19.1.58",
        "@syncfusion/ej2-dropdowns": "~19.1.58",
        "@syncfusion/ej2-excel-export": "~19.1.54",
        "@syncfusion/ej2-file-utils": "~19.1.54",
        "@syncfusion/ej2-inputs": "~19.1.57",
        "@syncfusion/ej2-lists": "~19.1.56",
        "@syncfusion/ej2-navigations": "~19.1.58",
        "@syncfusion/ej2-pdf-export": "~19.1.56",
        "@syncfusion/ej2-popups": "~19.1.57",
        "@syncfusion/ej2-splitbuttons": "~19.1.54"
      }
    },
    "@syncfusion/ej2-icons": {
      "version": "19.1.54",
      "resolved": "https://registry.npmjs.org/@syncfusion/ej2-icons/-/ej2-icons-19.1.54.tgz",
      "integrity": "sha512-QFIU7AOrIvgEjcOxj46fU9P3gQqjt7jKZpVc/GoDTvSDroUsLtbOiEZqphC9TQ7ZzLS9bfA/xNYNEGiln/NlTA=="
    },
    "@syncfusion/ej2-inputs": {
      "version": "19.1.57",
      "resolved": "https://registry.npmjs.org/@syncfusion/ej2-inputs/-/ej2-inputs-19.1.57.tgz",
      "integrity": "sha512-X3bYjmO/JmexhHVG9++s5oa0rTHNDFPe9t9TsELC0/0o/5Mnu255kR6dV4zmZa/Ad0CvLPzd7cvD34anJo6Zdg==",
      "requires": {
        "@syncfusion/ej2-base": "~19.1.57",
        "@syncfusion/ej2-buttons": "~19.1.54",
        "@syncfusion/ej2-popups": "~19.1.57",
        "@syncfusion/ej2-splitbuttons": "~19.1.54"
      }
    },
    "@syncfusion/ej2-lists": {
      "version": "19.1.56",
      "resolved": "https://registry.npmjs.org/@syncfusion/ej2-lists/-/ej2-lists-19.1.56.tgz",
      "integrity": "sha512-qnkXlbuwsz6s9jgDXzzXn6+pwC1QvLk+DNMIa/mvULxJ5wfIzJX3+TNaI3OHt/QCw9s9MGxwVAs+p7fsG+hJVQ==",
      "requires": {
        "@syncfusion/ej2-base": "~19.1.56",
        "@syncfusion/ej2-buttons": "~19.1.54",
        "@syncfusion/ej2-data": "~19.1.56"
      }
    },
    "@syncfusion/ej2-navigations": {
      "version": "19.1.58",
      "resolved": "https://registry.npmjs.org/@syncfusion/ej2-navigations/-/ej2-navigations-19.1.58.tgz",
      "integrity": "sha512-hlVCdxCzrpEZyEQ7N4pHY9+mGoQd1AjVbcSOv+/Ra1boyQsPQnxm/R+DZ7swYeu0BRXpeaxN9ie2Ji1wFDNhbQ==",
      "requires": {
        "@syncfusion/ej2-base": "~19.1.57",
        "@syncfusion/ej2-buttons": "~19.1.54",
        "@syncfusion/ej2-data": "~19.1.58",
        "@syncfusion/ej2-inputs": "~19.1.57",
        "@syncfusion/ej2-lists": "~19.1.56",
        "@syncfusion/ej2-popups": "~19.1.57"
      }
    },
    "@syncfusion/ej2-pdf-export": {
      "version": "19.1.56",
      "resolved": "https://registry.npmjs.org/@syncfusion/ej2-pdf-export/-/ej2-pdf-export-19.1.56.tgz",
      "integrity": "sha512-eI0ax5DCzs1sfTyTqEwmc1OXTIcDYMiYaFqEXmHS+zxyAWnSoKv0HvqyH/OVcE4rMyAnY6ja5jeB0Z15J2m+mg==",
      "requires": {
        "@syncfusion/ej2-compression": "~19.1.54"
      }
    },
    "@syncfusion/ej2-popups": {
      "version": "19.1.57",
      "resolved": "https://registry.npmjs.org/@syncfusion/ej2-popups/-/ej2-popups-19.1.57.tgz",
      "integrity": "sha512-gHnkKAMCauUkWESFWzTaq++FLPMOz+m7d90IIJt4+X6Yj1fH9LCmn1qfabhqlfNNs3R4jwjJA0VOEc0nmn504w==",
      "requires": {
        "@syncfusion/ej2-base": "~19.1.57",
        "@syncfusion/ej2-buttons": "~19.1.54"
      }
    },
    "@syncfusion/ej2-splitbuttons": {
      "version": "19.1.54",
      "resolved": "https://registry.npmjs.org/@syncfusion/ej2-splitbuttons/-/ej2-splitbuttons-19.1.54.tgz",
      "integrity": "sha512-cwT/HbzLrWHMlc4cBP5B1peZMNjF1uS0ULzl+TfripwoxjyigbAzlstyk/O6aqeOhuVEh48tScJD1RKngKha3A==",
      "requires": {
        "@syncfusion/ej2-base": "~19.1.54",
        "@syncfusion/ej2-popups": "~19.1.54"
      }
    },
    "@syncfusion/ej2-svg-base": {
      "version": "19.1.57",
      "resolved": "https://registry.npmjs.org/@syncfusion/ej2-svg-base/-/ej2-svg-base-19.1.57.tgz",
      "integrity": "sha512-EOqkyDTMkiOOuga8aMcxRvXbwzj/XbIOviDwX7LIJsAmU+d+YQ6ZwXIQyQbTcLIj0pF3hBMYE9FzgQ3co9jPdw==",
      "requires": {
        "@syncfusion/ej2-base": "~19.1.57"
      }
    },
    "@types/lodash": {
      "version": "4.14.159",
      "resolved": "https://registry.npmjs.org/@types/lodash/-/lodash-4.14.159.tgz",
      "integrity": "sha512-gF7A72f7WQN33DpqOWw9geApQPh4M3PxluMtaHxWHXEGSN12/WbcEk/eNSqWNQcQhF66VSZ06vCF94CrHwXJDg=="
    },
    "@types/node": {
      "version": "11.15.20",
      "resolved": "https://registry.npmjs.org/@types/node/-/node-11.15.20.tgz",
      "integrity": "sha512-DY2QwdrBqNlsxdMehwzUtSsWHgYYPLVCAuXvOcu3wkzYmchbRunQ7OEZFOrmFoBLfA1ysz2Ypr6vtNP9WQkUaQ=="
    },
    "core-js": {
      "version": "3.11.1",
      "resolved": "https://registry.npmjs.org/core-js/-/core-js-3.11.1.tgz",
      "integrity": "sha512-k93Isqg7e4txZWMGNYwevZL9MiogLk8pd1PtwrmFmi8IBq4GXqUaVW/a33Llt6amSI36uSjd0GWwc9pTT9ALlQ=="
    },
    "reflect-metadata": {
      "version": "0.1.13",
      "resolved": "https://registry.npmjs.org/reflect-metadata/-/reflect-metadata-0.1.13.tgz",
      "integrity": "sha512-Ts1Y/anZELhSsjMcU605fU9RE4Oi3p5ORujwbIKXfWa+0Zxs510Qrmrce5/Jowq3cHSZSJqBjypxmHarc+vEWg=="
    },
    "rxjs": {
      "version": "6.6.7",
      "resolved": "https://registry.npmjs.org/rxjs/-/rxjs-6.6.7.tgz",
      "integrity": "sha512-hTdwr+7yYNIT5n4AMYp85KA6yw2Va0FLa3Rguvbpa4W3I5xynaBZo41cM3XM+4Q6fRMj3sBYIR1VAmZMXYJvRQ==",
      "requires": {
        "tslib": "^1.9.0"
      },
      "dependencies": {
        "tslib": {
          "version": "1.14.1",
          "resolved": "https://registry.npmjs.org/tslib/-/tslib-1.14.1.tgz",
          "integrity": "sha512-Xni35NKzjgMrwevysHTCArtLDpPvye8zV/0E4EyYn43P7/7qvQwPh9BGkHewbMulVntbigmcT7rdX3BNo9wRJg=="
        }
      }
    },
    "rxjs-compat": {
      "version": "6.6.7",
      "resolved": "https://registry.npmjs.org/rxjs-compat/-/rxjs-compat-6.6.7.tgz",
      "integrity": "sha512-szN4fK+TqBPOFBcBcsR0g2cmTTUF/vaFEOZNuSdfU8/pGFnNmmn2u8SystYXG1QMrjOPBc6XTKHMVfENDf6hHw=="
    },
    "tslib": {
      "version": "2.2.0",
      "resolved": "https://registry.npmjs.org/tslib/-/tslib-2.2.0.tgz",
      "integrity": "sha512-gS9GVHRU+RGn5KQM2rllAlR3dU6m7AcpJKdtH8gFvQiC4Otgk98XnmMU+nZenHt/+VhnBPWwgrJsyrdcw6i23w==",
      "peer": true
    },
    "zone.js": {
      "version": "0.11.4",
      "resolved": "https://registry.npmjs.org/zone.js/-/zone.js-0.11.4.tgz",
      "integrity": "sha512-DDh2Ab+A/B+9mJyajPjHFPWfYU1H+pdun4wnnk0OcQTNjem1XQSZ2CDW+rfZEUDjv5M19SBqAkjZi0x5wuB5Qw==",
      "peer": true,
      "requires": {
        "tslib": "^2.0.0"
      }
    }
  }
}
